// !$*UTF8*$!
{
	archiveVersion = 1;
	classes = {
	};
	objectVersion = 46;
	objects = {

/* Begin PBXBuildFile section */
		93D5296E1C6A418C000621A7 /* AppDelegate.swift in Sources */ = {isa = PBXBuildFile; fileRef = 93D5296D1C6A418C000621A7 /* AppDelegate.swift */; };
		93D529701C6A418C000621A7 /* FeedViewController.swift in Sources */ = {isa = PBXBuildFile; fileRef = 93D5296F1C6A418C000621A7 /* FeedViewController.swift */; };
		93D529731C6A418C000621A7 /* Main.storyboard in Resources */ = {isa = PBXBuildFile; fileRef = 93D529711C6A418C000621A7 /* Main.storyboard */; };
		93D529751C6A418C000621A7 /* Assets.xcassets in Resources */ = {isa = PBXBuildFile; fileRef = 93D529741C6A418C000621A7 /* Assets.xcassets */; };
		93D529781C6A418C000621A7 /* LaunchScreen.storyboard in Resources */ = {isa = PBXBuildFile; fileRef = 93D529761C6A418C000621A7 /* LaunchScreen.storyboard */; };
		93D529801C6A4B66000621A7 /* LoginViewController.swift in Sources */ = {isa = PBXBuildFile; fileRef = 93D5297F1C6A4B66000621A7 /* LoginViewController.swift */; };
/* End PBXBuildFile section */

/* Begin PBXFileReference section */
		93D5296A1C6A418C000621A7 /* PicShare.app */ = {isa = PBXFileReference; explicitFileType = wrapper.application; includeInIndex = 0; path = PicShare.app; sourceTree = BUILT_PRODUCTS_DIR; };
		93D5296D1C6A418C000621A7 /* AppDelegate.swift */ = {isa = PBXFileReference; lastKnownFileType = sourcecode.swift; path = AppDelegate.swift; sourceTree = "<group>"; };
		93D5296F1C6A418C000621A7 /* FeedViewController.swift */ = {isa = PBXFileReference; lastKnownFileType = sourcecode.swift; path = FeedViewController.swift; sourceTree = "<group>"; };
		93D529721C6A418C000621A7 /* Base */ = {isa = PBXFileReference; lastKnownFileType = file.storyboard; name = Base; path = Base.lproj/Main.storyboard; sourceTree = "<group>"; };
		93D529741C6A418C000621A7 /* Assets.xcassets */ = {isa = PBXFileReference; lastKnownFileType = folder.assetcatalog; path = Assets.xcassets; sourceTree = "<group>"; };
		93D529771C6A418C000621A7 /* Base */ = {isa = PBXFileReference; lastKnownFileType = file.storyboard; name = Base; path = Base.lproj/LaunchScreen.storyboard; sourceTree = "<group>"; };
		93D529791C6A418C000621A7 /* Info.plist */ = {isa = PBXFileReference; lastKnownFileType = text.plist.xml; path = Info.plist; sourceTree = "<group>"; };
		93D5297F1C6A4B66000621A7 /* LoginViewController.swift */ = {isa = PBXFileReference; fileEncoding = 4; lastKnownFileType = sourcecode.swift; path = LoginViewController.swift; sourceTree = "<group>"; };
/* End PBXFileReference section */

/* Begin PBXFrameworksBuildPhase section */
		93D529671C6A418C000621A7 /* Frameworks */ = {
			isa = PBXFrameworksBuildPhase;
			buildActionMask = 2147483647;
			files = (
			);
			runOnlyForDeploymentPostprocessing = 0;
		};
/* End PBXFrameworksBuildPhase section */

/* Begin PBXGroup section */
		93D529611C6A418C000621A7 = {
			isa = PBXGroup;
			children = (
				93D5296C1C6A418C000621A7 /* PicShare */,
				93D5296B1C6A418C000621A7 /* Products */,
			);
			sourceTree = "<group>";
		};
		93D5296B1C6A418C000621A7 /* Products */ = {
			isa = PBXGroup;
			children = (
				93D5296A1C6A418C000621A7 /* PicShare.app */,
			);
			name = Products;
			sourceTree = "<group>";
		};
		93D5296C1C6A418C000621A7 /* PicShare */ = {
			isa = PBXGroup;
			children = (
				93D5296D1C6A418C000621A7 /* AppDelegate.swift */,
				93D529811C6A4B75000621A7 /* Controllers */,
				93D529711C6A418C000621A7 /* Main.storyboard */,
				93D529741C6A418C000621A7 /* Assets.xcassets */,
				93D529761C6A418C000621A7 /* LaunchScreen.storyboard */,
				93D529791C6A418C000621A7 /* Info.plist */,
			);
			path = PicShare;
			sourceTree = "<group>";
		};
		93D529811C6A4B75000621A7 /* Controllers */ = {
			isa = PBXGroup;
			children = (
				93D5297F1C6A4B66000621A7 /* LoginViewController.swift */,
				93D5296F1C6A418C000621A7 /* FeedViewController.swift */,
			);
			name = Controllers;
			sourceTree = "<group>";
		};
/* End PBXGroup section */

/* Begin PBXNativeTarget section */
		93D529691C6A418C000621A7 /* PicShare */ = {
			isa = PBXNativeTarget;
			buildConfigurationList = 93D5297C1C6A418C000621A7 /* Build configuration list for PBXNativeTarget "PicShare" */;
			buildPhases = (
				93D529661C6A418C000621A7 /* Sources */,
				93D529671C6A418C000621A7 /* Frameworks */,
				93D529681C6A418C000621A7 /* Resources */,
			);
			buildRules = (
			);
			dependencies = (
			);
			name = PicShare;
			productName = PicShare;
			productReference = 93D5296A1C6A418C000621A7 /* PicShare.app */;
			productType = "com.apple.product-type.application";
		};
/* End PBXNativeTarget section */

/* Begin PBXProject section */
		93D529621C6A418C000621A7 /* Project object */ = {
			isa = PBXProject;
			attributes = {
				LastSwiftUpdateCheck = 0720;
				LastUpgradeCheck = 0720;
				ORGANIZATIONNAME = "nektar labs";
				TargetAttributes = {
					93D529691C6A418C000621A7 = {
						CreatedOnToolsVersion = 7.2.1;
					};
				};
			};
			buildConfigurationList = 93D529651C6A418C000621A7 /* Build configuration list for PBXProject "PicShare" */;
			compatibilityVersion = "Xcode 3.2";
			developmentRegion = English;
			hasScannedForEncodings = 0;
			knownRegions = (
				en,
				Base,
			);
			mainGroup = 93D529611C6A418C000621A7;
			productRefGroup = 93D5296B1C6A418C000621A7 /* Products */;
			projectDirPath = "";
			projectRoot = "";
			targets = (
				93D529691C6A418C000621A7 /* PicShare */,
			);
		};
/* End PBXProject section */

/* Begin PBXResourcesBuildPhase section */
		93D529681C6A418C000621A7 /* Resources */ = {
			isa = PBXResourcesBuildPhase;
			buildActionMask = 2147483647;
			files = (
				93D529781C6A418C000621A7 /* LaunchScreen.storyboard in Resources */,
				93D529751C6A418C000621A7 /* Assets.xcassets in Resources */,
				93D529731C6A418C000621A7 /* Main.storyboard in Resources */,
			);
			runOnlyForDeploymentPostprocessing = 0;
		};
/* End PBXResourcesBuildPhase section */

/* Begin PBXSourcesBuildPhase section */
		93D529661C6A418C000621A7 /* Sources */ = {
			isa = PBXSourcesBuildPhase;
			buildActionMask = 2147483647;
			files = (
				93D529801C6A4B66000621A7 /* LoginViewController.swift in Sources */,
				93D529701C6A418C000621A7 /* FeedViewController.swift in Sources */,
				93D5296E1C6A418C000621A7 /* AppDelegate.swift in Sources */,
			);
			runOnlyForDeploymentPostprocessing = 0;
		};
/* End PBXSourcesBuildPhase section */

/* Begin PBXVariantGroup section */
		93D529711C6A418C000621A7 /* Main.storyboard */ = {
			isa = PBXVariantGroup;
			children = (
				93D529721C6A418C000621A7 /* Base */,
			);
			name = Main.storyboard;
			sourceTree = "<group>";
		};
		93D529761C6A418C000621A7 /* LaunchScreen.storyboard */ = {
			isa = PBXVariantGroup;
			children = (
				93D529771C6A418C000621A7 /* Base */,
			);
			name = LaunchScreen.storyboard;
			sourceTree = "<group>";
		};
/* End PBXVariantGroup section */

/* Begin XCBuildConfiguration section */
		93D5297A1C6A418C000621A7 /* Debug */ = {
			isa = XCBuildConfiguration;
			buildSettings = {
				ALWAYS_SEARCH_USER_PATHS = NO;
				CLANG_CXX_LANGUAGE_STANDARD = "gnu++0x";
				CLANG_CXX_LIBRARY = "libc++";
				CLANG_ENABLE_MODULES = YES;
				CLANG_ENABLE_OBJC_ARC = YES;
				CLANG_WARN_BOOL_CONVERSION = YES;
				CLANG_WARN_CONSTANT_CONVERSION = YES;
				CLANG_WARN_DIRECT_OBJC_ISA_USAGE = YES_ERROR;
				CLANG_WARN_EMPTY_BODY = YES;
				CLANG_WARN_ENUM_CONVERSION = YES;
				CLANG_WARN_INT_CONVERSION = YES;
				CLANG_WARN_OBJC_ROOT_CLASS = YES_ERROR;
				CLANG_WARN_UNREACHABLE_CODE = YES;
				CLANG_WARN__DUPLICATE_METHOD_MATCH = YES;
				"CODE_SIGN_IDENTITY[sdk=iphoneos*]" = "iPhone Developer";
				COPY_PHASE_STRIP = NO;
				DEBUG_INFORMATION_FORMAT = dwarf;
				ENABLE_STRICT_OBJC_MSGSEND = YES;
				ENABLE_TESTABILITY = YES;
				GCC_C_LANGUAGE_STANDARD = gnu99;
				GCC_DYNAMIC_NO_PIC = NO;
				GCC_NO_COMMON_BLOCKS = YES;
				GCC_OPTIMIZATION_LEVEL = 0;
				GCC_PREPROCESSOR_DEFINITIONS = (
					"DEBUG=1",
					"$(inherited)",
				);
				GCC_WARN_64_TO_32_BIT_CONVERSION = YES;
				GCC_WARN_ABOUT_RETURN_TYPE = YES_ERROR;
				GCC_WARN_UNDECLARED_SELECTOR = YES;
				GCC_WARN_UNINITIALIZED_AUTOS = YES_AGGRESSIVE;
				GCC_WARN_UNUSED_FUNCTION = YES;
				GCC_WARN_UNUSED_VARIABLE = YES;
				IPHONEOS_DEPLOYMENT_TARGET = 9.2;
				MTL_ENABLE_DEBUG_INFO = YES;
				ONLY_ACTIVE_ARCH = YES;
				SDKROOT = iphoneos;
				SWIFT_OPTIMIZATION_LEVEL = "-Onone";
			};
			name = Debug;
		};
		93D5297B1C6A418C000621A7 /* Release */ = {
			isa = XCBuildConfiguration;
			buildSettings = {
				ALWAYS_SEARCH_USER_PATHS = NO;
				CLANG_CXX_LANGUAGE_STANDARD = "gnu++0x";
				CLANG_CXX_LIBRARY = "libc++";
				CLANG_ENABLE_MODULES = YES;
				CLANG_ENABLE_OBJC_ARC = YES;
				CLANG_WARN_BOOL_CONVERSION = YES;
				CLANG_WARN_CONSTANT_CONVERSION = YES;
				CLANG_WARN_DIRECT_OBJC_ISA_USAGE = YES_ERROR;
				CLANG_WARN_EMPTY_BODY = YES;
				CLANG_WARN_ENUM_CONVERSION = YES;
				CLANG_WARN_INT_CONVERSION = YES;
				CLANG_WARN_OBJC_ROOT_CLASS = YES_ERROR;
				CLANG_WARN_UNREACHABLE_CODE = YES;
				CLANG_WARN__DUPLICATE_METHOD_MATCH = YES;
				"CODE_SIGN_IDENTITY[sdk=iphoneos*]" = "iPhone Developer";
				COPY_PHASE_STRIP = NO;
				DEBUG_INFORMATION_FORMAT = "dwarf-with-dsym";
				ENABLE_NS_ASSERTIONS = NO;
				ENABLE_STRICT_OBJC_MSGSEND = YES;
				GCC_C_LANGUAGE_STANDARD = gnu99;
				GCC_NO_COMMON_BLOCKS = YES;
				GCC_WARN_64_TO_32_BIT_CONVERSION = YES;
				GCC_WARN_ABOUT_RETURN_TYPE = YES_ERROR;
				GCC_WARN_UNDECLARED_SELECTOR = YES;
				GCC_WARN_UNINITIALIZED_AUTOS = YES_AGGRESSIVE;
				GCC_WARN_UNUSED_FUNCTION = YES;
				GCC_WARN_UNUSED_VARIABLE = YES;
				IPHONEOS_DEPLOYMENT_TARGET = 9.2;
				MTL_ENABLE_DEBUG_INFO = NO;
				SDKROOT = iphoneos;
				VALIDATE_PRODUCT = YES;
			};
			name = Release;
		};
		93D5297D1C6A418C000621A7 /* Debug */ = {
			isa = XCBuildConfiguration;
			buildSettings = {
				ASSETCATALOG_COMPILER_APPICON_NAME = AppIcon;
				INFOPLIST_FILE = PicShare/Info.plist;
				LD_RUNPATH_SEARCH_PATHS = "$(inherited) @executable_path/Frameworks";
				PRODUCT_BUNDLE_IDENTIFIER = nektarlabs.PicShare;
				PRODUCT_NAME = "$(TARGET_NAME)";
			};
			name = Debug;
		};
		93D5297E1C6A418C000621A7 /* Release */ = {
			isa = XCBuildConfiguration;
			buildSettings = {
				ASSETCATALOG_COMPILER_APPICON_NAME = AppIcon;
				INFOPLIST_FILE = PicShare/Info.plist;
				LD_RUNPATH_SEARCH_PATHS = "$(inherited) @executable_path/Frameworks";
				PRODUCT_BUNDLE_IDENTIFIER = nektarlabs.PicShare;
				PRODUCT_NAME = "$(TARGET_NAME)";
			};
			name = Release;
		};
/* End XCBuildConfiguration section */

/* Begin XCConfigurationList section */
		93D529651C6A418C000621A7 /* Build configuration list for PBXProject "PicShare" */ = {
			isa = XCConfigurationList;
			buildConfigurations = (
				93D5297A1C6A418C000621A7 /* Debug */,
				93D5297B1C6A418C000621A7 /* Release */,
			);
			defaultConfigurationIsVisible = 0;
			defaultConfigurationName = Release;
		};
		93D5297C1C6A418C000621A7 /* Build configuration list for PBXNativeTarget "PicShare" */ = {
			isa = XCConfigurationList;
			buildConfigurations = (
				93D5297D1C6A418C000621A7 /* Debug */,
				93D5297E1C6A418C000621A7 /* Release */,
			);
			defaultConfigurationIsVisible = 0;
		};
/* End XCConfigurationList section */
	};
	rootObject = 93D529621C6A418C000621A7 /* Project object */;
}
